
Microsoft Visual Studio Solution File, Format Version 12.00
# Visual Studio Version 16
VisualStudioVersion = 16.0.30611.23
MinimumVisualStudioVersion = 10.0.40219.1
Project("{FAE04EC0-301F-11D3-BF4B-00C04F79EFBC}") = "ClassesDevmedia", "ClassesDevmedia.csproj", "{096FD420-D81B-4A8A-B3B3-124A9957174F}"
EndProject
Global
	GlobalSection(SolutionConfigurationPlatforms) = preSolution
		Debug|Any CPU = Debug|Any CPU
		Release|Any CPU = Release|Any CPU
	EndGlobalSection
	GlobalSection(ProjectConfigurationPlatforms) = postSolution
		{096FD420-D81B-4A8A-B3B3-124A9957174F}.Debug|Any CPU.ActiveCfg = Debug|Any CPU
		{096FD420-D81B-4A8A-B3B3-124A9957174F}.Debug|Any CPU.Build.0 = Debug|Any CPU
		{096FD420-D81B-4A8A-B3B3-124A9957174F}.Release|Any CPU.ActiveCfg = Release|Any CPU
		{096FD420-D81B-4A8A-B3B3-124A9957174F}.Release|Any CPU.Build.0 = Release|Any CPU
	EndGlobalSection
	GlobalSection(SolutionProperties) = preSolution
		HideSolutionNode = FALSE
	EndGlobalSection
	GlobalSection(ExtensibilityGlobals) = postSolution
		SolutionGuid = {F84A4192-A171-4BCF-8B3C-BB7C760D6B2C}
	EndGlobalSection
EndGlobal
